
Microsoft Visual Studio Solution File, Format Version 12.00
# Visual Studio Version 17
VisualStudioVersion = 17.10.35013.160
MinimumVisualStudioVersion = 10.0.40219.1
Project("{9A19103F-16F7-4668-BE54-9A1E7A4F7556}") = "DoctorWhoRatings.WebClient", "DoctorWhoRatings.WebClient\DoctorWhoRatings.WebClient.csproj", "{458C264F-175D-4B0D-B69A-716009003BF2}"
EndProject
Project("{2150E333-8FDC-42A3-9474-1A3956D46DE8}") = "AssetMasters", "AssetMasters", "{FBEDB84B-AA4A-4FC0-93BD-7FB7795272F2}"
	ProjectSection(SolutionItems) = preProject
		AssetMasters\HomePageLayout.afphoto = AssetMasters\HomePageLayout.afphoto
		AssetMasters\Icons.afdesign = AssetMasters\Icons.afdesign
		AssetMasters\TardisBackground.afphoto = AssetMasters\TardisBackground.afphoto
	EndProjectSection
EndProject
Project("{9A19103F-16F7-4668-BE54-9A1E7A4F7556}") = "DoctorWhoRatings.Data", "DoctorWhoRatings.Data\DoctorWhoRatings.Data.csproj", "{4A57DCE0-951C-4CDA-979B-BABA772211D2}"
EndProject
Project("{9A19103F-16F7-4668-BE54-9A1E7A4F7556}") = "DoctorWhoRatings.Data.Charting", "DoctorWhoRatings.Data.Charting\DoctorWhoRatings.Data.Charting.csproj", "{96370801-8789-4F52-8E41-F1CDBA585BC9}"
EndProject
Project("{2150E333-8FDC-42A3-9474-1A3956D46DE8}") = "Solution Items", "Solution Items", "{483CACB2-CA3E-4C9D-9D07-498391B2F267}"
	ProjectSection(SolutionItems) = preProject
		README.md = README.md
	EndProjectSection
EndProject
Global
	GlobalSection(SolutionConfigurationPlatforms) = preSolution
		Debug|Any CPU = Debug|Any CPU
		Release|Any CPU = Release|Any CPU
	EndGlobalSection
	GlobalSection(ProjectConfigurationPlatforms) = postSolution
		{458C264F-175D-4B0D-B69A-716009003BF2}.Debug|Any CPU.ActiveCfg = Debug|Any CPU
		{458C264F-175D-4B0D-B69A-716009003BF2}.Debug|Any CPU.Build.0 = Debug|Any CPU
		{458C264F-175D-4B0D-B69A-716009003BF2}.Release|Any CPU.ActiveCfg = Release|Any CPU
		{458C264F-175D-4B0D-B69A-716009003BF2}.Release|Any CPU.Build.0 = Release|Any CPU
		{4A57DCE0-951C-4CDA-979B-BABA772211D2}.Debug|Any CPU.ActiveCfg = Debug|Any CPU
		{4A57DCE0-951C-4CDA-979B-BABA772211D2}.Debug|Any CPU.Build.0 = Debug|Any CPU
		{4A57DCE0-951C-4CDA-979B-BABA772211D2}.Release|Any CPU.ActiveCfg = Release|Any CPU
		{4A57DCE0-951C-4CDA-979B-BABA772211D2}.Release|Any CPU.Build.0 = Release|Any CPU
		{96370801-8789-4F52-8E41-F1CDBA585BC9}.Debug|Any CPU.ActiveCfg = Debug|Any CPU
		{96370801-8789-4F52-8E41-F1CDBA585BC9}.Debug|Any CPU.Build.0 = Debug|Any CPU
		{96370801-8789-4F52-8E41-F1CDBA585BC9}.Release|Any CPU.ActiveCfg = Release|Any CPU
		{96370801-8789-4F52-8E41-F1CDBA585BC9}.Release|Any CPU.Build.0 = Release|Any CPU
	EndGlobalSection
	GlobalSection(SolutionProperties) = preSolution
		HideSolutionNode = FALSE
	EndGlobalSection
	GlobalSection(ExtensibilityGlobals) = postSolution
		SolutionGuid = {45C8AFB5-3E62-490B-9E0D-35D53C58D2C0}
	EndGlobalSection
EndGlobal
